
Microsoft Visual Studio Solution File, Format Version 12.00
# Visual Studio Version 17
VisualStudioVersion = 17.12.35707.178
MinimumVisualStudioVersion = 10.0.40219.1
Project("{FAE04EC0-301F-11D3-BF4B-00C04F79EFBC}") = "MunicipalServicesApp", "MunicipalServicesApp\MunicipalServicesApp.csproj", "{042761AD-B0B2-41E1-B5BC-3994B34F70D1}"
EndProject
Project("{2150E333-8FDC-42A3-9474-1A3956D46DE8}") = ".github", ".github", "{02EA681E-C7D8-13C7-8484-4AC65E1B71E8}"
EndProject
Project("{2150E333-8FDC-42A3-9474-1A3956D46DE8}") = "workflows", "workflows", "{759103D6-0978-43FE-A9B5-64B7DB640292}"
	ProjectSection(SolutionItems) = preProject
		dotnet.yml = dotnet.yml
	EndProjectSection
EndProject
Global
	GlobalSection(SolutionConfigurationPlatforms) = preSolution
		Debug|Any CPU = Debug|Any CPU
		Release|Any CPU = Release|Any CPU
	EndGlobalSection
	GlobalSection(ProjectConfigurationPlatforms) = postSolution
		{042761AD-B0B2-41E1-B5BC-3994B34F70D1}.Debug|Any CPU.ActiveCfg = Debug|Any CPU
		{042761AD-B0B2-41E1-B5BC-3994B34F70D1}.Debug|Any CPU.Build.0 = Debug|Any CPU
		{042761AD-B0B2-41E1-B5BC-3994B34F70D1}.Release|Any CPU.ActiveCfg = Release|Any CPU
		{042761AD-B0B2-41E1-B5BC-3994B34F70D1}.Release|Any CPU.Build.0 = Release|Any CPU
	EndGlobalSection
	GlobalSection(SolutionProperties) = preSolution
		HideSolutionNode = FALSE
	EndGlobalSection
	GlobalSection(NestedProjects) = preSolution
		{759103D6-0978-43FE-A9B5-64B7DB640292} = {02EA681E-C7D8-13C7-8484-4AC65E1B71E8}
	EndGlobalSection
	GlobalSection(ExtensibilityGlobals) = postSolution
		SolutionGuid = {FBFDCB80-EF69-4F02-B274-5715EDB9A119}
	EndGlobalSection
EndGlobal
